{
  "originHash" : "4f3878f0e1f78a8f69aa3880dd6501cb2911604c1b7d9d99ef3d9feb7bb1bfec",
  "pins" : [
    {
      "identity" : "daily-client-ios",
      "kind" : "remoteSourceControl",
      "location" : "https://github.com/daily-co/daily-client-ios.git",
      "state" : {
        "revision" : "9e2d67e39560c14402d00bb6e48a203882b8bb96",
        "version" : "0.25.0"
      }
    },
    {
      "identity" : "pipecat-client-ios",
      "kind" : "remoteSourceControl",
      "location" : "https://github.com/pipecat-ai/pipecat-client-ios.git",
      "state" : {
        "revision" : "fd8418559b6f885af7662b78fabdb0e2f08fbb1a",
        "version" : "0.3.0"
      }
    },
    {
      "identity" : "pipecat-client-ios-daily",
      "kind" : "remoteSourceControl",
      "location" : "https://github.com/pipecat-ai/pipecat-client-ios-daily",
      "state" : {
        "revision" : "03e1d1da973fb1aab65ac0c8267664f334a74c50",
        "version" : "0.3.0"
      }
    }
  ],
  "version" : 3
}
