{
  "originHash" : "80206538f9e062145cbb81e496214b51ea8a230bb6dc9fe5960f39266c648664",
  "pins" : [
    {
      "identity" : "daily-client-ios",
      "kind" : "remoteSourceControl",
      "location" : "https://github.com/daily-co/daily-client-ios.git",
      "state" : {
        "revision" : "9e2d67e39560c14402d00bb6e48a203882b8bb96",
        "version" : "0.25.0"
      }
    }
  ],
  "version" : 3
}
